
Microsoft Visual Studio Solution File, Format Version 12.00
# Visual Studio Version 17
VisualStudioVersion = 17.7.34024.191
MinimumVisualStudioVersion = 10.0.40219.1
Project("{F184B08F-C81C-45F6-A57F-5ABD9991F28F}") = "polis", "polis.vbproj", "{378509F1-050A-45D0-81D3-D2FD00000F91}"
EndProject
Global
	GlobalSection(SolutionConfigurationPlatforms) = preSolution
		Debug|Any CPU = Debug|Any CPU
		Release|Any CPU = Release|Any CPU
	EndGlobalSection
	GlobalSection(ProjectConfigurationPlatforms) = postSolution
		{378509F1-050A-45D0-81D3-D2FD00000F91}.Debug|Any CPU.ActiveCfg = Debug|Any CPU
		{378509F1-050A-45D0-81D3-D2FD00000F91}.Debug|Any CPU.Build.0 = Debug|Any CPU
		{378509F1-050A-45D0-81D3-D2FD00000F91}.Release|Any CPU.ActiveCfg = Release|Any CPU
		{378509F1-050A-45D0-81D3-D2FD00000F91}.Release|Any CPU.Build.0 = Release|Any CPU
	EndGlobalSection
	GlobalSection(SolutionProperties) = preSolution
		HideSolutionNode = FALSE
	EndGlobalSection
	GlobalSection(ExtensibilityGlobals) = postSolution
		SolutionGuid = {A06BEBC1-B781-413D-8281-237F8EF3F1D5}
	EndGlobalSection
EndGlobal
